
Microsoft Visual Studio Solution File, Format Version 12.00
# Visual Studio 2015
Project("{FAE04EC0-301F-11D3-BF4B-00C04F79EFBC}") = "TVServerKodi", "TVServerKodi.csproj", "{CE292E6A-53E2-459D-8C87-673073182152}"
EndProject
Global
	GlobalSection(SolutionConfigurationPlatforms) = preSolution
		Debug|Any CPU = Debug|Any CPU
		Release|Any CPU = Release|Any CPU
	EndGlobalSection
	GlobalSection(ProjectConfigurationPlatforms) = postSolution
		{CE292E6A-53E2-459D-8C87-673073182152}.Debug|Any CPU.ActiveCfg = Debug|Any CPU
		{CE292E6A-53E2-459D-8C87-673073182152}.Debug|Any CPU.Build.0 = Debug|Any CPU
		{CE292E6A-53E2-459D-8C87-673073182152}.Release|Any CPU.ActiveCfg = Release|Any CPU
		{CE292E6A-53E2-459D-8C87-673073182152}.Release|Any CPU.Build.0 = Release|Any CPU
	EndGlobalSection
	GlobalSection(SolutionProperties) = preSolution
		HideSolutionNode = FALSE
	EndGlobalSection
EndGlobal
